// !$*UTF8*$!
{
	archiveVersion = 1;
	classes = {
	};
	objectVersion = 46;
	objects = {

/* Begin PBXBuildFile section */
		2916C61218E8B16C00D8B3C8 /* NSArray+Func.m in Sources */ = {isa = PBXBuildFile; fileRef = 2916C60D18E8B16C00D8B3C8 /* NSArray+Func.m */; };
		2916C61318E8B16C00D8B3C8 /* NSManagedObject+Helpers.m in Sources */ = {isa = PBXBuildFile; fileRef = 2916C60F18E8B16C00D8B3C8 /* NSManagedObject+Helpers.m */; };
		2916C61418E8B16C00D8B3C8 /* NSManagedObjectContext+Helpers.m in Sources */ = {isa = PBXBuildFile; fileRef = 2916C61118E8B16C00D8B3C8 /* NSManagedObjectContext+Helpers.m */; };
		292827F518DF65830066B48B /* DGrid+custom.m in Sources */ = {isa = PBXBuildFile; fileRef = 292827F418DF65830066B48B /* DGrid+custom.m */; };
		292827F818DF65900066B48B /* DPoint+custom.m in Sources */ = {isa = PBXBuildFile; fileRef = 292827F718DF65900066B48B /* DPoint+custom.m */; };
		292827FB18DF65A00066B48B /* DDot+custom.m in Sources */ = {isa = PBXBuildFile; fileRef = 292827FA18DF65A00066B48B /* DDot+custom.m */; };
		2982505D18DF5BE200C3F034 /* Model.xcdatamodeld in Sources */ = {isa = PBXBuildFile; fileRef = 2982505B18DF5BE200C3F034 /* Model.xcdatamodeld */; };
		29B2D5CF18EA5843002DADEE /* SKDot.m in Sources */ = {isa = PBXBuildFile; fileRef = 29B2D5CE18EA5843002DADEE /* SKDot.m */; };
		29B4841918EA7990009AA1A2 /* CoreData.m in Sources */ = {isa = PBXBuildFile; fileRef = 29B4841818EA7990009AA1A2 /* CoreData.m */; };
		29BAFFAD18E8A3F900CACC7C /* DGame+custom.m in Sources */ = {isa = PBXBuildFile; fileRef = 29BAFFAC18E8A3F900CACC7C /* DGame+custom.m */; };
		29C6983E18DEFDB0001F1F1E /* Foundation.framework in Frameworks */ = {isa = PBXBuildFile; fileRef = 29C6983D18DEFDB0001F1F1E /* Foundation.framework */; };
		29C6984018DEFDB0001F1F1E /* CoreGraphics.framework in Frameworks */ = {isa = PBXBuildFile; fileRef = 29C6983F18DEFDB0001F1F1E /* CoreGraphics.framework */; };
		29C6984218DEFDB0001F1F1E /* UIKit.framework in Frameworks */ = {isa = PBXBuildFile; fileRef = 29C6984118DEFDB0001F1F1E /* UIKit.framework */; };
		29C6984418DEFDB0001F1F1E /* SpriteKit.framework in Frameworks */ = {isa = PBXBuildFile; fileRef = 29C6984318DEFDB0001F1F1E /* SpriteKit.framework */; };
		29C6984A18DEFDB0001F1F1E /* InfoPlist.strings in Resources */ = {isa = PBXBuildFile; fileRef = 29C6984818DEFDB0001F1F1E /* InfoPlist.strings */; };
		29C6984C18DEFDB0001F1F1E /* main.m in Sources */ = {isa = PBXBuildFile; fileRef = 29C6984B18DEFDB0001F1F1E /* main.m */; };
		29C6985018DEFDB0001F1F1E /* AppDelegate.m in Sources */ = {isa = PBXBuildFile; fileRef = 29C6984F18DEFDB0001F1F1E /* AppDelegate.m */; };
		29C6985318DEFDB0001F1F1E /* Main_iPhone.storyboard in Resources */ = {isa = PBXBuildFile; fileRef = 29C6985118DEFDB0001F1F1E /* Main_iPhone.storyboard */; };
		29C6985618DEFDB0001F1F1E /* Main_iPad.storyboard in Resources */ = {isa = PBXBuildFile; fileRef = 29C6985418DEFDB0001F1F1E /* Main_iPad.storyboard */; };
		29C6985918DEFDB0001F1F1E /* ViewController.m in Sources */ = {isa = PBXBuildFile; fileRef = 29C6985818DEFDB0001F1F1E /* ViewController.m */; };
		29C6985C18DEFDB0001F1F1E /* MyScene.m in Sources */ = {isa = PBXBuildFile; fileRef = 29C6985B18DEFDB0001F1F1E /* MyScene.m */; };
		29C6986018DEFDB0001F1F1E /* Images.xcassets in Resources */ = {isa = PBXBuildFile; fileRef = 29C6985F18DEFDB0001F1F1E /* Images.xcassets */; };
		29C6986718DEFDB0001F1F1E /* XCTest.framework in Frameworks */ = {isa = PBXBuildFile; fileRef = 29C6986618DEFDB0001F1F1E /* XCTest.framework */; };
		29C6986818DEFDB0001F1F1E /* Foundation.framework in Frameworks */ = {isa = PBXBuildFile; fileRef = 29C6983D18DEFDB0001F1F1E /* Foundation.framework */; };
		29C6986918DEFDB0001F1F1E /* UIKit.framework in Frameworks */ = {isa = PBXBuildFile; fileRef = 29C6984118DEFDB0001F1F1E /* UIKit.framework */; };
		29C6987118DEFDB0001F1F1E /* InfoPlist.strings in Resources */ = {isa = PBXBuildFile; fileRef = 29C6986F18DEFDB0001F1F1E /* InfoPlist.strings */; };
		29C6987318DEFDB0001F1F1E /* DotsVsDotsTests.m in Sources */ = {isa = PBXBuildFile; fileRef = 29C6987218DEFDB0001F1F1E /* DotsVsDotsTests.m */; };
		29E648C6191D019700B932A3 /* Dots.atlas in Resources */ = {isa = PBXBuildFile; fileRef = 29E648C5191D019700B932A3 /* Dots.atlas */; };
		29EBB51C18F4716100A4C8CC /* GameData.m in Sources */ = {isa = PBXBuildFile; fileRef = 29EBB51B18F4716100A4C8CC /* GameData.m */; };
		29F3505E18FC582D00BFB013 /* Panels.m in Sources */ = {isa = PBXBuildFile; fileRef = 29F3505D18FC582D00BFB013 /* Panels.m */; };
		29FA683B18F7187200CC5A04 /* DGame.m in Sources */ = {isa = PBXBuildFile; fileRef = 29FA683A18F7187200CC5A04 /* DGame.m */; };
		29FA683E18F7187300CC5A04 /* DPoint.m in Sources */ = {isa = PBXBuildFile; fileRef = 29FA683D18F7187300CC5A04 /* DPoint.m */; };
		29FA684118F7187300CC5A04 /* DBase.m in Sources */ = {isa = PBXBuildFile; fileRef = 29FA684018F7187300CC5A04 /* DBase.m */; };
		29FA684418F7187300CC5A04 /* DDot.m in Sources */ = {isa = PBXBuildFile; fileRef = 29FA684318F7187300CC5A04 /* DDot.m */; };
		29FA684718F7187300CC5A04 /* DGrid.m in Sources */ = {isa = PBXBuildFile; fileRef = 29FA684618F7187300CC5A04 /* DGrid.m */; };
		29FA685918F7261700CC5A04 /* DBase+custom.m in Sources */ = {isa = PBXBuildFile; fileRef = 29FA685818F7261700CC5A04 /* DBase+custom.m */; };
		D7489BB918FD86220089663F /* NewGameButton.m in Sources */ = {isa = PBXBuildFile; fileRef = D7489BB818FD86220089663F /* NewGameButton.m */; };
		D7EEF026192A2FE20089E76E /* HistoryLabel.m in Sources */ = {isa = PBXBuildFile; fileRef = D7EEF025192A2FE20089E76E /* HistoryLabel.m */; };
/* End PBXBuildFile section */

/* Begin PBXContainerItemProxy section */
		29C6986A18DEFDB0001F1F1E /* PBXContainerItemProxy */ = {
			isa = PBXContainerItemProxy;
			containerPortal = 29C6983218DEFDB0001F1F1E /* Project object */;
			proxyType = 1;
			remoteGlobalIDString = 29C6983918DEFDB0001F1F1E;
			remoteInfo = DotsVsDots;
		};
/* End PBXContainerItemProxy section */

/* Begin PBXFileReference section */
		2916C60C18E8B16C00D8B3C8 /* NSArray+Func.h */ = {isa = PBXFileReference; fileEncoding = 4; lastKnownFileType = sourcecode.c.h; path = "NSArray+Func.h"; sourceTree = "<group>"; };
		2916C60D18E8B16C00D8B3C8 /* NSArray+Func.m */ = {isa = PBXFileReference; fileEncoding = 4; lastKnownFileType = sourcecode.c.objc; path = "NSArray+Func.m"; sourceTree = "<group>"; };
		2916C60E18E8B16C00D8B3C8 /* NSManagedObject+Helpers.h */ = {isa = PBXFileReference; fileEncoding = 4; lastKnownFileType = sourcecode.c.h; path = "NSManagedObject+Helpers.h"; sourceTree = "<group>"; };
		2916C60F18E8B16C00D8B3C8 /* NSManagedObject+Helpers.m */ = {isa = PBXFileReference; fileEncoding = 4; lastKnownFileType = sourcecode.c.objc; path = "NSManagedObject+Helpers.m"; sourceTree = "<group>"; };
		2916C61018E8B16C00D8B3C8 /* NSManagedObjectContext+Helpers.h */ = {isa = PBXFileReference; fileEncoding = 4; lastKnownFileType = sourcecode.c.h; path = "NSManagedObjectContext+Helpers.h"; sourceTree = "<group>"; };
		2916C61118E8B16C00D8B3C8 /* NSManagedObjectContext+Helpers.m */ = {isa = PBXFileReference; fileEncoding = 4; lastKnownFileType = sourcecode.c.objc; path = "NSManagedObjectContext+Helpers.m"; sourceTree = "<group>"; };
		292827F318DF65830066B48B /* DGrid+custom.h */ = {isa = PBXFileReference; fileEncoding = 4; lastKnownFileType = sourcecode.c.h; path = "DGrid+custom.h"; sourceTree = "<group>"; };
		292827F418DF65830066B48B /* DGrid+custom.m */ = {isa = PBXFileReference; fileEncoding = 4; lastKnownFileType = sourcecode.c.objc; path = "DGrid+custom.m"; sourceTree = "<group>"; };
		292827F618DF65900066B48B /* DPoint+custom.h */ = {isa = PBXFileReference; fileEncoding = 4; lastKnownFileType = sourcecode.c.h; path = "DPoint+custom.h"; sourceTree = "<group>"; };
		292827F718DF65900066B48B /* DPoint+custom.m */ = {isa = PBXFileReference; fileEncoding = 4; lastKnownFileType = sourcecode.c.objc; path = "DPoint+custom.m"; sourceTree = "<group>"; };
		292827F918DF65A00066B48B /* DDot+custom.h */ = {isa = PBXFileReference; fileEncoding = 4; lastKnownFileType = sourcecode.c.h; path = "DDot+custom.h"; sourceTree = "<group>"; };
		292827FA18DF65A00066B48B /* DDot+custom.m */ = {isa = PBXFileReference; fileEncoding = 4; lastKnownFileType = sourcecode.c.objc; path = "DDot+custom.m"; sourceTree = "<group>"; };
		2982505C18DF5BE200C3F034 /* Model.xcdatamodel */ = {isa = PBXFileReference; lastKnownFileType = wrapper.xcdatamodel; path = Model.xcdatamodel; sourceTree = "<group>"; };
		29B2D5CD18EA5843002DADEE /* SKDot.h */ = {isa = PBXFileReference; fileEncoding = 4; lastKnownFileType = sourcecode.c.h; path = SKDot.h; sourceTree = "<group>"; };
		29B2D5CE18EA5843002DADEE /* SKDot.m */ = {isa = PBXFileReference; fileEncoding = 4; lastKnownFileType = sourcecode.c.objc; path = SKDot.m; sourceTree = "<group>"; };
		29B4841718EA7990009AA1A2 /* CoreData.h */ = {isa = PBXFileReference; fileEncoding = 4; lastKnownFileType = sourcecode.c.h; path = CoreData.h; sourceTree = "<group>"; };
		29B4841818EA7990009AA1A2 /* CoreData.m */ = {isa = PBXFileReference; fileEncoding = 4; lastKnownFileType = sourcecode.c.objc; path = CoreData.m; sourceTree = "<group>"; };
		29BAFFAB18E8A3F900CACC7C /* DGame+custom.h */ = {isa = PBXFileReference; fileEncoding = 4; lastKnownFileType = sourcecode.c.h; path = "DGame+custom.h"; sourceTree = "<group>"; };
		29BAFFAC18E8A3F900CACC7C /* DGame+custom.m */ = {isa = PBXFileReference; fileEncoding = 4; lastKnownFileType = sourcecode.c.objc; path = "DGame+custom.m"; sourceTree = "<group>"; };
		29C6983A18DEFDB0001F1F1E /* DotsStrategyGame.app */ = {isa = PBXFileReference; explicitFileType = wrapper.application; includeInIndex = 0; path = DotsStrategyGame.app; sourceTree = BUILT_PRODUCTS_DIR; };
		29C6983D18DEFDB0001F1F1E /* Foundation.framework */ = {isa = PBXFileReference; lastKnownFileType = wrapper.framework; name = Foundation.framework; path = System/Library/Frameworks/Foundation.framework; sourceTree = SDKROOT; };
		29C6983F18DEFDB0001F1F1E /* CoreGraphics.framework */ = {isa = PBXFileReference; lastKnownFileType = wrapper.framework; name = CoreGraphics.framework; path = System/Library/Frameworks/CoreGraphics.framework; sourceTree = SDKROOT; };
		29C6984118DEFDB0001F1F1E /* UIKit.framework */ = {isa = PBXFileReference; lastKnownFileType = wrapper.framework; name = UIKit.framework; path = System/Library/Frameworks/UIKit.framework; sourceTree = SDKROOT; };
		29C6984318DEFDB0001F1F1E /* SpriteKit.framework */ = {isa = PBXFileReference; lastKnownFileType = wrapper.framework; name = SpriteKit.framework; path = System/Library/Frameworks/SpriteKit.framework; sourceTree = SDKROOT; };
		29C6984718DEFDB0001F1F1E /* DotsStrategyGame-Info.plist */ = {isa = PBXFileReference; lastKnownFileType = text.plist.xml; path = "DotsStrategyGame-Info.plist"; sourceTree = "<group>"; };
		29C6984918DEFDB0001F1F1E /* en */ = {isa = PBXFileReference; lastKnownFileType = text.plist.strings; name = en; path = en.lproj/InfoPlist.strings; sourceTree = "<group>"; };
		29C6984B18DEFDB0001F1F1E /* main.m */ = {isa = PBXFileReference; lastKnownFileType = sourcecode.c.objc; path = main.m; sourceTree = "<group>"; };
		29C6984D18DEFDB0001F1F1E /* DotsStrategyGame-Prefix.pch */ = {isa = PBXFileReference; lastKnownFileType = sourcecode.c.h; path = "DotsStrategyGame-Prefix.pch"; sourceTree = "<group>"; };
		29C6984E18DEFDB0001F1F1E /* AppDelegate.h */ = {isa = PBXFileReference; lastKnownFileType = sourcecode.c.h; path = AppDelegate.h; sourceTree = "<group>"; };
		29C6984F18DEFDB0001F1F1E /* AppDelegate.m */ = {isa = PBXFileReference; lastKnownFileType = sourcecode.c.objc; path = AppDelegate.m; sourceTree = "<group>"; };
		29C6985218DEFDB0001F1F1E /* Base */ = {isa = PBXFileReference; lastKnownFileType = file.storyboard; name = Base; path = Base.lproj/Main_iPhone.storyboard; sourceTree = "<group>"; };
		29C6985518DEFDB0001F1F1E /* Base */ = {isa = PBXFileReference; lastKnownFileType = file.storyboard; name = Base; path = Base.lproj/Main_iPad.storyboard; sourceTree = "<group>"; };
		29C6985718DEFDB0001F1F1E /* ViewController.h */ = {isa = PBXFileReference; lastKnownFileType = sourcecode.c.h; path = ViewController.h; sourceTree = "<group>"; };
		29C6985818DEFDB0001F1F1E /* ViewController.m */ = {isa = PBXFileReference; lastKnownFileType = sourcecode.c.objc; path = ViewController.m; sourceTree = "<group>"; };
		29C6985A18DEFDB0001F1F1E /* MyScene.h */ = {isa = PBXFileReference; lastKnownFileType = sourcecode.c.h; path = MyScene.h; sourceTree = "<group>"; };
		29C6985B18DEFDB0001F1F1E /* MyScene.m */ = {isa = PBXFileReference; lastKnownFileType = sourcecode.c.objc; path = MyScene.m; sourceTree = "<group>"; };
		29C6985F18DEFDB0001F1F1E /* Images.xcassets */ = {isa = PBXFileReference; lastKnownFileType = folder.assetcatalog; path = Images.xcassets; sourceTree = "<group>"; };
		29C6986518DEFDB0001F1F1E /* DotsStrategyGameTests.xctest */ = {isa = PBXFileReference; explicitFileType = wrapper.cfbundle; includeInIndex = 0; path = DotsStrategyGameTests.xctest; sourceTree = BUILT_PRODUCTS_DIR; };
		29C6986618DEFDB0001F1F1E /* XCTest.framework */ = {isa = PBXFileReference; lastKnownFileType = wrapper.framework; name = XCTest.framework; path = Library/Frameworks/XCTest.framework; sourceTree = DEVELOPER_DIR; };
		29C6986E18DEFDB0001F1F1E /* DotsStrategyGameTests-Info.plist */ = {isa = PBXFileReference; lastKnownFileType = text.plist.xml; path = "DotsStrategyGameTests-Info.plist"; sourceTree = "<group>"; };
		29C6987018DEFDB0001F1F1E /* en */ = {isa = PBXFileReference; lastKnownFileType = text.plist.strings; name = en; path = en.lproj/InfoPlist.strings; sourceTree = "<group>"; };
		29C6987218DEFDB0001F1F1E /* DotsVsDotsTests.m */ = {isa = PBXFileReference; lastKnownFileType = sourcecode.c.objc; path = DotsVsDotsTests.m; sourceTree = "<group>"; };
		29E648C5191D019700B932A3 /* Dots.atlas */ = {isa = PBXFileReference; lastKnownFileType = folder.skatlas; path = Dots.atlas; sourceTree = "<group>"; };
		29EBB51A18F4716100A4C8CC /* GameData.h */ = {isa = PBXFileReference; fileEncoding = 4; lastKnownFileType = sourcecode.c.h; path = GameData.h; sourceTree = "<group>"; };
		29EBB51B18F4716100A4C8CC /* GameData.m */ = {isa = PBXFileReference; fileEncoding = 4; lastKnownFileType = sourcecode.c.objc; path = GameData.m; sourceTree = "<group>"; };
		29F3505C18FC582D00BFB013 /* Panels.h */ = {isa = PBXFileReference; fileEncoding = 4; lastKnownFileType = sourcecode.c.h; path = Panels.h; sourceTree = "<group>"; };
		29F3505D18FC582D00BFB013 /* Panels.m */ = {isa = PBXFileReference; fileEncoding = 4; lastKnownFileType = sourcecode.c.objc; path = Panels.m; sourceTree = "<group>"; };
		29FA683918F7187200CC5A04 /* DGame.h */ = {isa = PBXFileReference; fileEncoding = 4; lastKnownFileType = sourcecode.c.h; path = DGame.h; sourceTree = "<group>"; };
		29FA683A18F7187200CC5A04 /* DGame.m */ = {isa = PBXFileReference; fileEncoding = 4; lastKnownFileType = sourcecode.c.objc; path = DGame.m; sourceTree = "<group>"; };
		29FA683C18F7187300CC5A04 /* DPoint.h */ = {isa = PBXFileReference; fileEncoding = 4; lastKnownFileType = sourcecode.c.h; path = DPoint.h; sourceTree = "<group>"; };
		29FA683D18F7187300CC5A04 /* DPoint.m */ = {isa = PBXFileReference; fileEncoding = 4; lastKnownFileType = sourcecode.c.objc; path = DPoint.m; sourceTree = "<group>"; };
		29FA683F18F7187300CC5A04 /* DBase.h */ = {isa = PBXFileReference; fileEncoding = 4; lastKnownFileType = sourcecode.c.h; path = DBase.h; sourceTree = "<group>"; };
		29FA684018F7187300CC5A04 /* DBase.m */ = {isa = PBXFileReference; fileEncoding = 4; lastKnownFileType = sourcecode.c.objc; path = DBase.m; sourceTree = "<group>"; };
		29FA684218F7187300CC5A04 /* DDot.h */ = {isa = PBXFileReference; fileEncoding = 4; lastKnownFileType = sourcecode.c.h; path = DDot.h; sourceTree = "<group>"; };
		29FA684318F7187300CC5A04 /* DDot.m */ = {isa = PBXFileReference; fileEncoding = 4; lastKnownFileType = sourcecode.c.objc; path = DDot.m; sourceTree = "<group>"; };
		29FA684518F7187300CC5A04 /* DGrid.h */ = {isa = PBXFileReference; fileEncoding = 4; lastKnownFileType = sourcecode.c.h; path = DGrid.h; sourceTree = "<group>"; };
		29FA684618F7187300CC5A04 /* DGrid.m */ = {isa = PBXFileReference; fileEncoding = 4; lastKnownFileType = sourcecode.c.objc; path = DGrid.m; sourceTree = "<group>"; };
		29FA685718F7261700CC5A04 /* DBase+custom.h */ = {isa = PBXFileReference; fileEncoding = 4; lastKnownFileType = sourcecode.c.h; path = "DBase+custom.h"; sourceTree = "<group>"; };
		29FA685818F7261700CC5A04 /* DBase+custom.m */ = {isa = PBXFileReference; fileEncoding = 4; lastKnownFileType = sourcecode.c.objc; path = "DBase+custom.m"; sourceTree = "<group>"; };
		D7489BB718FD86220089663F /* NewGameButton.h */ = {isa = PBXFileReference; fileEncoding = 4; lastKnownFileType = sourcecode.c.h; path = NewGameButton.h; sourceTree = "<group>"; };
		D7489BB818FD86220089663F /* NewGameButton.m */ = {isa = PBXFileReference; fileEncoding = 4; lastKnownFileType = sourcecode.c.objc; path = NewGameButton.m; sourceTree = "<group>"; };
		D7EEF024192A2FE20089E76E /* HistoryLabel.h */ = {isa = PBXFileReference; fileEncoding = 4; lastKnownFileType = sourcecode.c.h; path = HistoryLabel.h; sourceTree = "<group>"; };
		D7EEF025192A2FE20089E76E /* HistoryLabel.m */ = {isa = PBXFileReference; fileEncoding = 4; lastKnownFileType = sourcecode.c.objc; path = HistoryLabel.m; sourceTree = "<group>"; };
/* End PBXFileReference section */

/* Begin PBXFrameworksBuildPhase section */
		29C6983718DEFDB0001F1F1E /* Frameworks */ = {
			isa = PBXFrameworksBuildPhase;
			buildActionMask = 2147483647;
			files = (
				29C6984018DEFDB0001F1F1E /* CoreGraphics.framework in Frameworks */,
				29C6984218DEFDB0001F1F1E /* UIKit.framework in Frameworks */,
				29C6984418DEFDB0001F1F1E /* SpriteKit.framework in Frameworks */,
				29C6983E18DEFDB0001F1F1E /* Foundation.framework in Frameworks */,
			);
			runOnlyForDeploymentPostprocessing = 0;
		};
		29C6986218DEFDB0001F1F1E /* Frameworks */ = {
			isa = PBXFrameworksBuildPhase;
			buildActionMask = 2147483647;
			files = (
				29C6986718DEFDB0001F1F1E /* XCTest.framework in Frameworks */,
				29C6986918DEFDB0001F1F1E /* UIKit.framework in Frameworks */,
				29C6986818DEFDB0001F1F1E /* Foundation.framework in Frameworks */,
			);
			runOnlyForDeploymentPostprocessing = 0;
		};
/* End PBXFrameworksBuildPhase section */

/* Begin PBXGroup section */
		2916C5FD18E8ACA800D8B3C8 /* View */ = {
			isa = PBXGroup;
			children = (
				29C6985118DEFDB0001F1F1E /* Main_iPhone.storyboard */,
				29C6985418DEFDB0001F1F1E /* Main_iPad.storyboard */,
			);
			name = View;
			sourceTree = "<group>";
		};
		2916C5FE18E8ACD800D8B3C8 /* Controller */ = {
			isa = PBXGroup;
			children = (
				2916C5FF18E8ACE900D8B3C8 /* SpriteKit */,
				29C6984E18DEFDB0001F1F1E /* AppDelegate.h */,
				29C6984F18DEFDB0001F1F1E /* AppDelegate.m */,
				29C6985718DEFDB0001F1F1E /* ViewController.h */,
				29C6985818DEFDB0001F1F1E /* ViewController.m */,
				29E648C5191D019700B932A3 /* Dots.atlas */,
			);
			name = Controller;
			sourceTree = "<group>";
		};
		2916C5FF18E8ACE900D8B3C8 /* SpriteKit */ = {
			isa = PBXGroup;
			children = (
				29E648C4191CF4EB00B932A3 /* Model */,
				29C6985A18DEFDB0001F1F1E /* MyScene.h */,
				29C6985B18DEFDB0001F1F1E /* MyScene.m */,
				29B2D5CD18EA5843002DADEE /* SKDot.h */,
				29B2D5CE18EA5843002DADEE /* SKDot.m */,
				29F3505C18FC582D00BFB013 /* Panels.h */,
				29F3505D18FC582D00BFB013 /* Panels.m */,
				D7489BB718FD86220089663F /* NewGameButton.h */,
				D7489BB818FD86220089663F /* NewGameButton.m */,
				D7EEF024192A2FE20089E76E /* HistoryLabel.h */,
				D7EEF025192A2FE20089E76E /* HistoryLabel.m */,
			);
			name = SpriteKit;
			sourceTree = "<group>";
		};
		2916C61518E8B16F00D8B3C8 /* additional */ = {
			isa = PBXGroup;
			children = (
				2916C60C18E8B16C00D8B3C8 /* NSArray+Func.h */,
				2916C60D18E8B16C00D8B3C8 /* NSArray+Func.m */,
				2916C60E18E8B16C00D8B3C8 /* NSManagedObject+Helpers.h */,
				2916C60F18E8B16C00D8B3C8 /* NSManagedObject+Helpers.m */,
				2916C61018E8B16C00D8B3C8 /* NSManagedObjectContext+Helpers.h */,
				2916C61118E8B16C00D8B3C8 /* NSManagedObjectContext+Helpers.m */,
			);
			name = additional;
			path = ..;
			sourceTree = "<group>";
		};
		292827F218DF65680066B48B /* customs */ = {
			isa = PBXGroup;
			children = (
				292827F618DF65900066B48B /* DPoint+custom.h */,
				292827F718DF65900066B48B /* DPoint+custom.m */,
				292827F918DF65A00066B48B /* DDot+custom.h */,
				292827FA18DF65A00066B48B /* DDot+custom.m */,
				292827F318DF65830066B48B /* DGrid+custom.h */,
				292827F418DF65830066B48B /* DGrid+custom.m */,
				29BAFFAB18E8A3F900CACC7C /* DGame+custom.h */,
				29BAFFAC18E8A3F900CACC7C /* DGame+custom.m */,
				29FA685718F7261700CC5A04 /* DBase+custom.h */,
				29FA685818F7261700CC5A04 /* DBase+custom.m */,
			);
			name = customs;
			sourceTree = "<group>";
		};
		2982505A18DF5BCC00C3F034 /* Model */ = {
			isa = PBXGroup;
			children = (
				29B4841A18EA799C009AA1A2 /* gen */,
				292827F218DF65680066B48B /* customs */,
				2982505B18DF5BE200C3F034 /* Model.xcdatamodeld */,
				29B4841718EA7990009AA1A2 /* CoreData.h */,
				29B4841818EA7990009AA1A2 /* CoreData.m */,
			);
			name = Model;
			sourceTree = "<group>";
		};
		29B4841A18EA799C009AA1A2 /* gen */ = {
			isa = PBXGroup;
			children = (
				29FA684518F7187300CC5A04 /* DGrid.h */,
				29FA684618F7187300CC5A04 /* DGrid.m */,
				29FA684218F7187300CC5A04 /* DDot.h */,
				29FA684318F7187300CC5A04 /* DDot.m */,
				29FA683F18F7187300CC5A04 /* DBase.h */,
				29FA684018F7187300CC5A04 /* DBase.m */,
				29FA683C18F7187300CC5A04 /* DPoint.h */,
				29FA683D18F7187300CC5A04 /* DPoint.m */,
				29FA683918F7187200CC5A04 /* DGame.h */,
				29FA683A18F7187200CC5A04 /* DGame.m */,
			);
			name = gen;
			sourceTree = "<group>";
		};
		29C6983118DEFDB0001F1F1E = {
			isa = PBXGroup;
			children = (
				29C6984518DEFDB0001F1F1E /* DotsVsDots */,
				29C6986C18DEFDB0001F1F1E /* DotsVsDotsTests */,
				29C6983C18DEFDB0001F1F1E /* Frameworks */,
				29C6983B18DEFDB0001F1F1E /* Products */,
			);
			sourceTree = "<group>";
		};
		29C6983B18DEFDB0001F1F1E /* Products */ = {
			isa = PBXGroup;
			children = (
				29C6983A18DEFDB0001F1F1E /* DotsStrategyGame.app */,
				29C6986518DEFDB0001F1F1E /* DotsStrategyGameTests.xctest */,
			);
			name = Products;
			sourceTree = "<group>";
		};
		29C6983C18DEFDB0001F1F1E /* Frameworks */ = {
			isa = PBXGroup;
			children = (
				29C6983D18DEFDB0001F1F1E /* Foundation.framework */,
				29C6983F18DEFDB0001F1F1E /* CoreGraphics.framework */,
				29C6984118DEFDB0001F1F1E /* UIKit.framework */,
				29C6984318DEFDB0001F1F1E /* SpriteKit.framework */,
				29C6986618DEFDB0001F1F1E /* XCTest.framework */,
			);
			name = Frameworks;
			sourceTree = "<group>";
		};
		29C6984518DEFDB0001F1F1E /* DotsVsDots */ = {
			isa = PBXGroup;
			children = (
				2916C61518E8B16F00D8B3C8 /* additional */,
				2982505A18DF5BCC00C3F034 /* Model */,
				2916C5FD18E8ACA800D8B3C8 /* View */,
				2916C5FE18E8ACD800D8B3C8 /* Controller */,
				29C6985F18DEFDB0001F1F1E /* Images.xcassets */,
				29C6984618DEFDB0001F1F1E /* Supporting Files */,
			);
			path = DotsVsDots;
			sourceTree = "<group>";
		};
		29C6984618DEFDB0001F1F1E /* Supporting Files */ = {
			isa = PBXGroup;
			children = (
				29C6984718DEFDB0001F1F1E /* DotsStrategyGame-Info.plist */,
				29C6984818DEFDB0001F1F1E /* InfoPlist.strings */,
				29C6984B18DEFDB0001F1F1E /* main.m */,
				29C6984D18DEFDB0001F1F1E /* DotsStrategyGame-Prefix.pch */,
			);
			name = "Supporting Files";
			sourceTree = "<group>";
		};
		29C6986C18DEFDB0001F1F1E /* DotsVsDotsTests */ = {
			isa = PBXGroup;
			children = (
				29C6987218DEFDB0001F1F1E /* DotsVsDotsTests.m */,
				29C6986D18DEFDB0001F1F1E /* Supporting Files */,
			);
			path = DotsVsDotsTests;
			sourceTree = "<group>";
		};
		29C6986D18DEFDB0001F1F1E /* Supporting Files */ = {
			isa = PBXGroup;
			children = (
				29C6986E18DEFDB0001F1F1E /* DotsStrategyGameTests-Info.plist */,
				29C6986F18DEFDB0001F1F1E /* InfoPlist.strings */,
			);
			name = "Supporting Files";
			sourceTree = "<group>";
		};
		29E648C4191CF4EB00B932A3 /* Model */ = {
			isa = PBXGroup;
			children = (
				29EBB51A18F4716100A4C8CC /* GameData.h */,
				29EBB51B18F4716100A4C8CC /* GameData.m */,
			);
			name = Model;
			sourceTree = "<group>";
		};
/* End PBXGroup section */

/* Begin PBXNativeTarget section */
		29C6983918DEFDB0001F1F1E /* DotsStrategyGame */ = {
			isa = PBXNativeTarget;
			buildConfigurationList = 29C6987618DEFDB0001F1F1E /* Build configuration list for PBXNativeTarget "DotsStrategyGame" */;
			buildPhases = (
				29C6983618DEFDB0001F1F1E /* Sources */,
				29C6983718DEFDB0001F1F1E /* Frameworks */,
				29C6983818DEFDB0001F1F1E /* Resources */,
			);
			buildRules = (
			);
			dependencies = (
			);
			name = DotsStrategyGame;
			productName = DotsVsDots;
			productReference = 29C6983A18DEFDB0001F1F1E /* DotsStrategyGame.app */;
			productType = "com.apple.product-type.application";
		};
		29C6986418DEFDB0001F1F1E /* DotsStrategyGameTests */ = {
			isa = PBXNativeTarget;
			buildConfigurationList = 29C6987918DEFDB0001F1F1E /* Build configuration list for PBXNativeTarget "DotsStrategyGameTests" */;
			buildPhases = (
				29C6986118DEFDB0001F1F1E /* Sources */,
				29C6986218DEFDB0001F1F1E /* Frameworks */,
				29C6986318DEFDB0001F1F1E /* Resources */,
			);
			buildRules = (
			);
			dependencies = (
				29C6986B18DEFDB0001F1F1E /* PBXTargetDependency */,
			);
			name = DotsStrategyGameTests;
			productName = DotsVsDotsTests;
			productReference = 29C6986518DEFDB0001F1F1E /* DotsStrategyGameTests.xctest */;
			productType = "com.apple.product-type.bundle.unit-test";
		};
/* End PBXNativeTarget section */

/* Begin PBXProject section */
		29C6983218DEFDB0001F1F1E /* Project object */ = {
			isa = PBXProject;
			attributes = {
				LastUpgradeCheck = 0510;
				ORGANIZATIONNAME = baka;
				TargetAttributes = {
					29C6986418DEFDB0001F1F1E = {
						TestTargetID = 29C6983918DEFDB0001F1F1E;
					};
				};
			};
			buildConfigurationList = 29C6983518DEFDB0001F1F1E /* Build configuration list for PBXProject "DotsStrategyGame" */;
			compatibilityVersion = "Xcode 3.2";
			developmentRegion = English;
			hasScannedForEncodings = 0;
			knownRegions = (
				en,
				Base,
			);
			mainGroup = 29C6983118DEFDB0001F1F1E;
			productRefGroup = 29C6983B18DEFDB0001F1F1E /* Products */;
			projectDirPath = "";
			projectRoot = "";
			targets = (
				29C6983918DEFDB0001F1F1E /* DotsStrategyGame */,
				29C6986418DEFDB0001F1F1E /* DotsStrategyGameTests */,
			);
		};
/* End PBXProject section */

/* Begin PBXResourcesBuildPhase section */
		29C6983818DEFDB0001F1F1E /* Resources */ = {
			isa = PBXResourcesBuildPhase;
			buildActionMask = 2147483647;
			files = (
				29C6986018DEFDB0001F1F1E /* Images.xcassets in Resources */,
				29C6985618DEFDB0001F1F1E /* Main_iPad.storyboard in Resources */,
				29E648C6191D019700B932A3 /* Dots.atlas in Resources */,
				29C6985318DEFDB0001F1F1E /* Main_iPhone.storyboard in Resources */,
				29C6984A18DEFDB0001F1F1E /* InfoPlist.strings in Resources */,
			);
			runOnlyForDeploymentPostprocessing = 0;
		};
		29C6986318DEFDB0001F1F1E /* Resources */ = {
			isa = PBXResourcesBuildPhase;
			buildActionMask = 2147483647;
			files = (
				29C6987118DEFDB0001F1F1E /* InfoPlist.strings in Resources */,
			);
			runOnlyForDeploymentPostprocessing = 0;
		};
/* End PBXResourcesBuildPhase section */

/* Begin PBXSourcesBuildPhase section */
		29C6983618DEFDB0001F1F1E /* Sources */ = {
			isa = PBXSourcesBuildPhase;
			buildActionMask = 2147483647;
			files = (
				29B2D5CF18EA5843002DADEE /* SKDot.m in Sources */,
				29FA684718F7187300CC5A04 /* DGrid.m in Sources */,
				292827F518DF65830066B48B /* DGrid+custom.m in Sources */,
				29C6985C18DEFDB0001F1F1E /* MyScene.m in Sources */,
				29FA683E18F7187300CC5A04 /* DPoint.m in Sources */,
				29FA684418F7187300CC5A04 /* DDot.m in Sources */,
				29C6985918DEFDB0001F1F1E /* ViewController.m in Sources */,
				2916C61418E8B16C00D8B3C8 /* NSManagedObjectContext+Helpers.m in Sources */,
				D7489BB918FD86220089663F /* NewGameButton.m in Sources */,
				29FA685918F7261700CC5A04 /* DBase+custom.m in Sources */,
				29B4841918EA7990009AA1A2 /* CoreData.m in Sources */,
				D7EEF026192A2FE20089E76E /* HistoryLabel.m in Sources */,
				29BAFFAD18E8A3F900CACC7C /* DGame+custom.m in Sources */,
				2982505D18DF5BE200C3F034 /* Model.xcdatamodeld in Sources */,
				29FA683B18F7187200CC5A04 /* DGame.m in Sources */,
				292827FB18DF65A00066B48B /* DDot+custom.m in Sources */,
				2916C61318E8B16C00D8B3C8 /* NSManagedObject+Helpers.m in Sources */,
				2916C61218E8B16C00D8B3C8 /* NSArray+Func.m in Sources */,
				29C6985018DEFDB0001F1F1E /* AppDelegate.m in Sources */,
				29EBB51C18F4716100A4C8CC /* GameData.m in Sources */,
				29F3505E18FC582D00BFB013 /* Panels.m in Sources */,
				29FA684118F7187300CC5A04 /* DBase.m in Sources */,
				29C6984C18DEFDB0001F1F1E /* main.m in Sources */,
				292827F818DF65900066B48B /* DPoint+custom.m in Sources */,
			);
			runOnlyForDeploymentPostprocessing = 0;
		};
		29C6986118DEFDB0001F1F1E /* Sources */ = {
			isa = PBXSourcesBuildPhase;
			buildActionMask = 2147483647;
			files = (
				29C6987318DEFDB0001F1F1E /* DotsVsDotsTests.m in Sources */,
			);
			runOnlyForDeploymentPostprocessing = 0;
		};
/* End PBXSourcesBuildPhase section */

/* Begin PBXTargetDependency section */
		29C6986B18DEFDB0001F1F1E /* PBXTargetDependency */ = {
			isa = PBXTargetDependency;
			target = 29C6983918DEFDB0001F1F1E /* DotsStrategyGame */;
			targetProxy = 29C6986A18DEFDB0001F1F1E /* PBXContainerItemProxy */;
		};
/* End PBXTargetDependency section */

/* Begin PBXVariantGroup section */
		29C6984818DEFDB0001F1F1E /* InfoPlist.strings */ = {
			isa = PBXVariantGroup;
			children = (
				29C6984918DEFDB0001F1F1E /* en */,
			);
			name = InfoPlist.strings;
			sourceTree = "<group>";
		};
		29C6985118DEFDB0001F1F1E /* Main_iPhone.storyboard */ = {
			isa = PBXVariantGroup;
			children = (
				29C6985218DEFDB0001F1F1E /* Base */,
			);
			name = Main_iPhone.storyboard;
			sourceTree = "<group>";
		};
		29C6985418DEFDB0001F1F1E /* Main_iPad.storyboard */ = {
			isa = PBXVariantGroup;
			children = (
				29C6985518DEFDB0001F1F1E /* Base */,
			);
			name = Main_iPad.storyboard;
			sourceTree = "<group>";
		};
		29C6986F18DEFDB0001F1F1E /* InfoPlist.strings */ = {
			isa = PBXVariantGroup;
			children = (
				29C6987018DEFDB0001F1F1E /* en */,
			);
			name = InfoPlist.strings;
			sourceTree = "<group>";
		};
/* End PBXVariantGroup section */

/* Begin XCBuildConfiguration section */
		29C6987418DEFDB0001F1F1E /* Debug */ = {
			isa = XCBuildConfiguration;
			buildSettings = {
				ALWAYS_SEARCH_USER_PATHS = NO;
				CLANG_CXX_LANGUAGE_STANDARD = "gnu++0x";
				CLANG_CXX_LIBRARY = "libc++";
				CLANG_ENABLE_MODULES = YES;
				CLANG_ENABLE_OBJC_ARC = YES;
				CLANG_WARN_BOOL_CONVERSION = YES;
				CLANG_WARN_CONSTANT_CONVERSION = YES;
				CLANG_WARN_DIRECT_OBJC_ISA_USAGE = YES_ERROR;
				CLANG_WARN_EMPTY_BODY = YES;
				CLANG_WARN_ENUM_CONVERSION = YES;
				CLANG_WARN_INT_CONVERSION = YES;
				CLANG_WARN_OBJC_ROOT_CLASS = YES_ERROR;
				CLANG_WARN__DUPLICATE_METHOD_MATCH = YES;
				"CODE_SIGN_IDENTITY[sdk=iphoneos*]" = "iPhone Developer";
				COPY_PHASE_STRIP = NO;
				GCC_C_LANGUAGE_STANDARD = gnu99;
				GCC_DYNAMIC_NO_PIC = NO;
				GCC_OPTIMIZATION_LEVEL = 0;
				GCC_PREPROCESSOR_DEFINITIONS = (
					"DEBUG=1",
					"$(inherited)",
				);
				GCC_SYMBOLS_PRIVATE_EXTERN = NO;
				GCC_WARN_64_TO_32_BIT_CONVERSION = YES;
				GCC_WARN_ABOUT_RETURN_TYPE = YES_ERROR;
				GCC_WARN_UNDECLARED_SELECTOR = YES;
				GCC_WARN_UNINITIALIZED_AUTOS = YES_AGGRESSIVE;
				GCC_WARN_UNUSED_FUNCTION = YES;
				GCC_WARN_UNUSED_VARIABLE = YES;
				IPHONEOS_DEPLOYMENT_TARGET = 7.1;
				ONLY_ACTIVE_ARCH = YES;
				SDKROOT = iphoneos;
				TARGETED_DEVICE_FAMILY = "1,2";
			};
			name = Debug;
		};
		29C6987518DEFDB0001F1F1E /* Release */ = {
			isa = XCBuildConfiguration;
			buildSettings = {
				ALWAYS_SEARCH_USER_PATHS = NO;
				CLANG_CXX_LANGUAGE_STANDARD = "gnu++0x";
				CLANG_CXX_LIBRARY = "libc++";
				CLANG_ENABLE_MODULES = YES;
				CLANG_ENABLE_OBJC_ARC = YES;
				CLANG_WARN_BOOL_CONVERSION = YES;
				CLANG_WARN_CONSTANT_CONVERSION = YES;
				CLANG_WARN_DIRECT_OBJC_ISA_USAGE = YES_ERROR;
				CLANG_WARN_EMPTY_BODY = YES;
				CLANG_WARN_ENUM_CONVERSION = YES;
				CLANG_WARN_INT_CONVERSION = YES;
				CLANG_WARN_OBJC_ROOT_CLASS = YES_ERROR;
				CLANG_WARN__DUPLICATE_METHOD_MATCH = YES;
				"CODE_SIGN_IDENTITY[sdk=iphoneos*]" = "iPhone Developer";
				COPY_PHASE_STRIP = YES;
				ENABLE_NS_ASSERTIONS = NO;
				GCC_C_LANGUAGE_STANDARD = gnu99;
				GCC_WARN_64_TO_32_BIT_CONVERSION = YES;
				GCC_WARN_ABOUT_RETURN_TYPE = YES_ERROR;
				GCC_WARN_UNDECLARED_SELECTOR = YES;
				GCC_WARN_UNINITIALIZED_AUTOS = YES_AGGRESSIVE;
				GCC_WARN_UNUSED_FUNCTION = YES;
				GCC_WARN_UNUSED_VARIABLE = YES;
				IPHONEOS_DEPLOYMENT_TARGET = 7.1;
				SDKROOT = iphoneos;
				TARGETED_DEVICE_FAMILY = "1,2";
				VALIDATE_PRODUCT = YES;
			};
			name = Release;
		};
		29C6987718DEFDB0001F1F1E /* Debug */ = {
			isa = XCBuildConfiguration;
			buildSettings = {
				ASSETCATALOG_COMPILER_APPICON_NAME = AppIcon;
				ASSETCATALOG_COMPILER_LAUNCHIMAGE_NAME = LaunchImage;
				GCC_PRECOMPILE_PREFIX_HEADER = YES;
				GCC_PREFIX_HEADER = "DotsVsDots/DotsStrategyGame-Prefix.pch";
				INFOPLIST_FILE = "DotsVsDots/DotsStrategyGame-Info.plist";
				IPHONEOS_DEPLOYMENT_TARGET = 7.0;
				PRODUCT_NAME = DotsStrategyGame;
				SPRITEKIT_TEXTURE_ATLAS_OUTPUT = YES;
				WRAPPER_EXTENSION = app;
			};
			name = Debug;
		};
		29C6987818DEFDB0001F1F1E /* Release */ = {
			isa = XCBuildConfiguration;
			buildSettings = {
				ASSETCATALOG_COMPILER_APPICON_NAME = AppIcon;
				ASSETCATALOG_COMPILER_LAUNCHIMAGE_NAME = LaunchImage;
				GCC_PRECOMPILE_PREFIX_HEADER = YES;
				GCC_PREFIX_HEADER = "DotsVsDots/DotsStrategyGame-Prefix.pch";
				INFOPLIST_FILE = "DotsVsDots/DotsStrategyGame-Info.plist";
				IPHONEOS_DEPLOYMENT_TARGET = 7.0;
				PRODUCT_NAME = DotsStrategyGame;
				SPRITEKIT_TEXTURE_ATLAS_OUTPUT = YES;
				WRAPPER_EXTENSION = app;
			};
			name = Release;
		};
		29C6987A18DEFDB0001F1F1E /* Debug */ = {
			isa = XCBuildConfiguration;
			buildSettings = {
				BUNDLE_LOADER = "$(BUILT_PRODUCTS_DIR)/DotsVsDots.app/DotsVsDots";
				FRAMEWORK_SEARCH_PATHS = (
					"$(SDKROOT)/Developer/Library/Frameworks",
					"$(inherited)",
					"$(DEVELOPER_FRAMEWORKS_DIR)",
				);
				GCC_PRECOMPILE_PREFIX_HEADER = YES;
				GCC_PREFIX_HEADER = "DotsVsDots/DotsVsDots-Prefix.pch";
				GCC_PREPROCESSOR_DEFINITIONS = (
					"DEBUG=1",
					"$(inherited)",
				);
				INFOPLIST_FILE = "DotsVsDotsTests/DotsStrategyGameTests-Info.plist";
				PRODUCT_NAME = DotsStrategyGameTests;
				TEST_HOST = "$(BUNDLE_LOADER)";
				WRAPPER_EXTENSION = xctest;
			};
			name = Debug;
		};
		29C6987B18DEFDB0001F1F1E /* Release */ = {
			isa = XCBuildConfiguration;
			buildSettings = {
				BUNDLE_LOADER = "$(BUILT_PRODUCTS_DIR)/DotsVsDots.app/DotsVsDots";
				FRAMEWORK_SEARCH_PATHS = (
					"$(SDKROOT)/Developer/Library/Frameworks",
					"$(inherited)",
					"$(DEVELOPER_FRAMEWORKS_DIR)",
				);
				GCC_PRECOMPILE_PREFIX_HEADER = YES;
				GCC_PREFIX_HEADER = "DotsVsDots/DotsVsDots-Prefix.pch";
				INFOPLIST_FILE = "DotsVsDotsTests/DotsStrategyGameTests-Info.plist";
				PRODUCT_NAME = DotsStrategyGameTests;
				TEST_HOST = "$(BUNDLE_LOADER)";
				WRAPPER_EXTENSION = xctest;
			};
			name = Release;
		};
/* End XCBuildConfiguration section */

/* Begin XCConfigurationList section */
		29C6983518DEFDB0001F1F1E /* Build configuration list for PBXProject "DotsStrategyGame" */ = {
			isa = XCConfigurationList;
			buildConfigurations = (
				29C6987418DEFDB0001F1F1E /* Debug */,
				29C6987518DEFDB0001F1F1E /* Release */,
			);
			defaultConfigurationIsVisible = 0;
			defaultConfigurationName = Release;
		};
		29C6987618DEFDB0001F1F1E /* Build configuration list for PBXNativeTarget "DotsStrategyGame" */ = {
			isa = XCConfigurationList;
			buildConfigurations = (
				29C6987718DEFDB0001F1F1E /* Debug */,
				29C6987818DEFDB0001F1F1E /* Release */,
			);
			defaultConfigurationIsVisible = 0;
			defaultConfigurationName = Release;
		};
		29C6987918DEFDB0001F1F1E /* Build configuration list for PBXNativeTarget "DotsStrategyGameTests" */ = {
			isa = XCConfigurationList;
			buildConfigurations = (
				29C6987A18DEFDB0001F1F1E /* Debug */,
				29C6987B18DEFDB0001F1F1E /* Release */,
			);
			defaultConfigurationIsVisible = 0;
			defaultConfigurationName = Release;
		};
/* End XCConfigurationList section */

/* Begin XCVersionGroup section */
		2982505B18DF5BE200C3F034 /* Model.xcdatamodeld */ = {
			isa = XCVersionGroup;
			children = (
				2982505C18DF5BE200C3F034 /* Model.xcdatamodel */,
			);
			currentVersion = 2982505C18DF5BE200C3F034 /* Model.xcdatamodel */;
			path = Model.xcdatamodeld;
			sourceTree = "<group>";
			versionGroupType = wrapper.xcdatamodel;
		};
/* End XCVersionGroup section */
	};
	rootObject = 29C6983218DEFDB0001F1F1E /* Project object */;
}
