// !$*UTF8*$!
{
	archiveVersion = 1;
	classes = {
	};
	objectVersion = 46;
	objects = {

/* Begin PBXBuildFile section */
		292827F518DF65830066B48B /* DGrid+custom.m in Sources */ = {isa = PBXBuildFile; fileRef = 292827F418DF65830066B48B /* DGrid+custom.m */; };
		292827F818DF65900066B48B /* DPoint+custom.m in Sources */ = {isa = PBXBuildFile; fileRef = 292827F718DF65900066B48B /* DPoint+custom.m */; };
		292827FB18DF65A00066B48B /* DDot+custom.m in Sources */ = {isa = PBXBuildFile; fileRef = 292827FA18DF65A00066B48B /* DDot+custom.m */; };
		2928280D18DF80A90066B48B /* DPoint.m in Sources */ = {isa = PBXBuildFile; fileRef = 2928280C18DF80A90066B48B /* DPoint.m */; };
		2928281318DF81DB0066B48B /* DDot.m in Sources */ = {isa = PBXBuildFile; fileRef = 2928281218DF81DB0066B48B /* DDot.m */; };
		2928281618DF81DB0066B48B /* DGrid.m in Sources */ = {isa = PBXBuildFile; fileRef = 2928281518DF81DB0066B48B /* DGrid.m */; };
		2982505D18DF5BE200C3F034 /* Model.xcdatamodeld in Sources */ = {isa = PBXBuildFile; fileRef = 2982505B18DF5BE200C3F034 /* Model.xcdatamodeld */; };
		29C6983E18DEFDB0001F1F1E /* Foundation.framework in Frameworks */ = {isa = PBXBuildFile; fileRef = 29C6983D18DEFDB0001F1F1E /* Foundation.framework */; };
		29C6984018DEFDB0001F1F1E /* CoreGraphics.framework in Frameworks */ = {isa = PBXBuildFile; fileRef = 29C6983F18DEFDB0001F1F1E /* CoreGraphics.framework */; };
		29C6984218DEFDB0001F1F1E /* UIKit.framework in Frameworks */ = {isa = PBXBuildFile; fileRef = 29C6984118DEFDB0001F1F1E /* UIKit.framework */; };
		29C6984418DEFDB0001F1F1E /* SpriteKit.framework in Frameworks */ = {isa = PBXBuildFile; fileRef = 29C6984318DEFDB0001F1F1E /* SpriteKit.framework */; };
		29C6984A18DEFDB0001F1F1E /* InfoPlist.strings in Resources */ = {isa = PBXBuildFile; fileRef = 29C6984818DEFDB0001F1F1E /* InfoPlist.strings */; };
		29C6984C18DEFDB0001F1F1E /* main.m in Sources */ = {isa = PBXBuildFile; fileRef = 29C6984B18DEFDB0001F1F1E /* main.m */; };
		29C6985018DEFDB0001F1F1E /* AppDelegate.m in Sources */ = {isa = PBXBuildFile; fileRef = 29C6984F18DEFDB0001F1F1E /* AppDelegate.m */; };
		29C6985318DEFDB0001F1F1E /* Main_iPhone.storyboard in Resources */ = {isa = PBXBuildFile; fileRef = 29C6985118DEFDB0001F1F1E /* Main_iPhone.storyboard */; };
		29C6985618DEFDB0001F1F1E /* Main_iPad.storyboard in Resources */ = {isa = PBXBuildFile; fileRef = 29C6985418DEFDB0001F1F1E /* Main_iPad.storyboard */; };
		29C6985918DEFDB0001F1F1E /* ViewController.m in Sources */ = {isa = PBXBuildFile; fileRef = 29C6985818DEFDB0001F1F1E /* ViewController.m */; };
		29C6985C18DEFDB0001F1F1E /* MyScene.m in Sources */ = {isa = PBXBuildFile; fileRef = 29C6985B18DEFDB0001F1F1E /* MyScene.m */; };
		29C6985E18DEFDB0001F1F1E /* Spaceship.png in Resources */ = {isa = PBXBuildFile; fileRef = 29C6985D18DEFDB0001F1F1E /* Spaceship.png */; };
		29C6986018DEFDB0001F1F1E /* Images.xcassets in Resources */ = {isa = PBXBuildFile; fileRef = 29C6985F18DEFDB0001F1F1E /* Images.xcassets */; };
		29C6986718DEFDB0001F1F1E /* XCTest.framework in Frameworks */ = {isa = PBXBuildFile; fileRef = 29C6986618DEFDB0001F1F1E /* XCTest.framework */; };
		29C6986818DEFDB0001F1F1E /* Foundation.framework in Frameworks */ = {isa = PBXBuildFile; fileRef = 29C6983D18DEFDB0001F1F1E /* Foundation.framework */; };
		29C6986918DEFDB0001F1F1E /* UIKit.framework in Frameworks */ = {isa = PBXBuildFile; fileRef = 29C6984118DEFDB0001F1F1E /* UIKit.framework */; };
		29C6987118DEFDB0001F1F1E /* InfoPlist.strings in Resources */ = {isa = PBXBuildFile; fileRef = 29C6986F18DEFDB0001F1F1E /* InfoPlist.strings */; };
		29C6987318DEFDB0001F1F1E /* DotsVsDotsTests.m in Sources */ = {isa = PBXBuildFile; fileRef = 29C6987218DEFDB0001F1F1E /* DotsVsDotsTests.m */; };
/* End PBXBuildFile section */

/* Begin PBXContainerItemProxy section */
		29C6986A18DEFDB0001F1F1E /* PBXContainerItemProxy */ = {
			isa = PBXContainerItemProxy;
			containerPortal = 29C6983218DEFDB0001F1F1E /* Project object */;
			proxyType = 1;
			remoteGlobalIDString = 29C6983918DEFDB0001F1F1E;
			remoteInfo = DotsVsDots;
		};
/* End PBXContainerItemProxy section */

/* Begin PBXFileReference section */
		292827F318DF65830066B48B /* DGrid+custom.h */ = {isa = PBXFileReference; fileEncoding = 4; lastKnownFileType = sourcecode.c.h; path = "DGrid+custom.h"; sourceTree = "<group>"; };
		292827F418DF65830066B48B /* DGrid+custom.m */ = {isa = PBXFileReference; fileEncoding = 4; lastKnownFileType = sourcecode.c.objc; path = "DGrid+custom.m"; sourceTree = "<group>"; };
		292827F618DF65900066B48B /* DPoint+custom.h */ = {isa = PBXFileReference; fileEncoding = 4; lastKnownFileType = sourcecode.c.h; path = "DPoint+custom.h"; sourceTree = "<group>"; };
		292827F718DF65900066B48B /* DPoint+custom.m */ = {isa = PBXFileReference; fileEncoding = 4; lastKnownFileType = sourcecode.c.objc; path = "DPoint+custom.m"; sourceTree = "<group>"; };
		292827F918DF65A00066B48B /* DDot+custom.h */ = {isa = PBXFileReference; fileEncoding = 4; lastKnownFileType = sourcecode.c.h; path = "DDot+custom.h"; sourceTree = "<group>"; };
		292827FA18DF65A00066B48B /* DDot+custom.m */ = {isa = PBXFileReference; fileEncoding = 4; lastKnownFileType = sourcecode.c.objc; path = "DDot+custom.m"; sourceTree = "<group>"; };
		2928280B18DF80A90066B48B /* DPoint.h */ = {isa = PBXFileReference; fileEncoding = 4; lastKnownFileType = sourcecode.c.h; path = DPoint.h; sourceTree = "<group>"; };
		2928280C18DF80A90066B48B /* DPoint.m */ = {isa = PBXFileReference; fileEncoding = 4; lastKnownFileType = sourcecode.c.objc; path = DPoint.m; sourceTree = "<group>"; };
		2928281118DF81DB0066B48B /* DDot.h */ = {isa = PBXFileReference; fileEncoding = 4; lastKnownFileType = sourcecode.c.h; path = DDot.h; sourceTree = "<group>"; };
		2928281218DF81DB0066B48B /* DDot.m */ = {isa = PBXFileReference; fileEncoding = 4; lastKnownFileType = sourcecode.c.objc; path = DDot.m; sourceTree = "<group>"; };
		2928281418DF81DB0066B48B /* DGrid.h */ = {isa = PBXFileReference; fileEncoding = 4; lastKnownFileType = sourcecode.c.h; path = DGrid.h; sourceTree = "<group>"; };
		2928281518DF81DB0066B48B /* DGrid.m */ = {isa = PBXFileReference; fileEncoding = 4; lastKnownFileType = sourcecode.c.objc; path = DGrid.m; sourceTree = "<group>"; };
		2982505C18DF5BE200C3F034 /* Model.xcdatamodel */ = {isa = PBXFileReference; lastKnownFileType = wrapper.xcdatamodel; path = Model.xcdatamodel; sourceTree = "<group>"; };
		29C6983A18DEFDB0001F1F1E /* DotsVsDots.app */ = {isa = PBXFileReference; explicitFileType = wrapper.application; includeInIndex = 0; path = DotsVsDots.app; sourceTree = BUILT_PRODUCTS_DIR; };
		29C6983D18DEFDB0001F1F1E /* Foundation.framework */ = {isa = PBXFileReference; lastKnownFileType = wrapper.framework; name = Foundation.framework; path = System/Library/Frameworks/Foundation.framework; sourceTree = SDKROOT; };
		29C6983F18DEFDB0001F1F1E /* CoreGraphics.framework */ = {isa = PBXFileReference; lastKnownFileType = wrapper.framework; name = CoreGraphics.framework; path = System/Library/Frameworks/CoreGraphics.framework; sourceTree = SDKROOT; };
		29C6984118DEFDB0001F1F1E /* UIKit.framework */ = {isa = PBXFileReference; lastKnownFileType = wrapper.framework; name = UIKit.framework; path = System/Library/Frameworks/UIKit.framework; sourceTree = SDKROOT; };
		29C6984318DEFDB0001F1F1E /* SpriteKit.framework */ = {isa = PBXFileReference; lastKnownFileType = wrapper.framework; name = SpriteKit.framework; path = System/Library/Frameworks/SpriteKit.framework; sourceTree = SDKROOT; };
		29C6984718DEFDB0001F1F1E /* DotsVsDots-Info.plist */ = {isa = PBXFileReference; lastKnownFileType = text.plist.xml; path = "DotsVsDots-Info.plist"; sourceTree = "<group>"; };
		29C6984918DEFDB0001F1F1E /* en */ = {isa = PBXFileReference; lastKnownFileType = text.plist.strings; name = en; path = en.lproj/InfoPlist.strings; sourceTree = "<group>"; };
		29C6984B18DEFDB0001F1F1E /* main.m */ = {isa = PBXFileReference; lastKnownFileType = sourcecode.c.objc; path = main.m; sourceTree = "<group>"; };
		29C6984D18DEFDB0001F1F1E /* DotsVsDots-Prefix.pch */ = {isa = PBXFileReference; lastKnownFileType = sourcecode.c.h; path = "DotsVsDots-Prefix.pch"; sourceTree = "<group>"; };
		29C6984E18DEFDB0001F1F1E /* AppDelegate.h */ = {isa = PBXFileReference; lastKnownFileType = sourcecode.c.h; path = AppDelegate.h; sourceTree = "<group>"; };
		29C6984F18DEFDB0001F1F1E /* AppDelegate.m */ = {isa = PBXFileReference; lastKnownFileType = sourcecode.c.objc; path = AppDelegate.m; sourceTree = "<group>"; };
		29C6985218DEFDB0001F1F1E /* Base */ = {isa = PBXFileReference; lastKnownFileType = file.storyboard; name = Base; path = Base.lproj/Main_iPhone.storyboard; sourceTree = "<group>"; };
		29C6985518DEFDB0001F1F1E /* Base */ = {isa = PBXFileReference; lastKnownFileType = file.storyboard; name = Base; path = Base.lproj/Main_iPad.storyboard; sourceTree = "<group>"; };
		29C6985718DEFDB0001F1F1E /* ViewController.h */ = {isa = PBXFileReference; lastKnownFileType = sourcecode.c.h; path = ViewController.h; sourceTree = "<group>"; };
		29C6985818DEFDB0001F1F1E /* ViewController.m */ = {isa = PBXFileReference; lastKnownFileType = sourcecode.c.objc; path = ViewController.m; sourceTree = "<group>"; };
		29C6985A18DEFDB0001F1F1E /* MyScene.h */ = {isa = PBXFileReference; lastKnownFileType = sourcecode.c.h; path = MyScene.h; sourceTree = "<group>"; };
		29C6985B18DEFDB0001F1F1E /* MyScene.m */ = {isa = PBXFileReference; lastKnownFileType = sourcecode.c.objc; path = MyScene.m; sourceTree = "<group>"; };
		29C6985D18DEFDB0001F1F1E /* Spaceship.png */ = {isa = PBXFileReference; lastKnownFileType = image.png; path = Spaceship.png; sourceTree = "<group>"; };
		29C6985F18DEFDB0001F1F1E /* Images.xcassets */ = {isa = PBXFileReference; lastKnownFileType = folder.assetcatalog; path = Images.xcassets; sourceTree = "<group>"; };
		29C6986518DEFDB0001F1F1E /* DotsVsDotsTests.xctest */ = {isa = PBXFileReference; explicitFileType = wrapper.cfbundle; includeInIndex = 0; path = DotsVsDotsTests.xctest; sourceTree = BUILT_PRODUCTS_DIR; };
		29C6986618DEFDB0001F1F1E /* XCTest.framework */ = {isa = PBXFileReference; lastKnownFileType = wrapper.framework; name = XCTest.framework; path = Library/Frameworks/XCTest.framework; sourceTree = DEVELOPER_DIR; };
		29C6986E18DEFDB0001F1F1E /* DotsVsDotsTests-Info.plist */ = {isa = PBXFileReference; lastKnownFileType = text.plist.xml; path = "DotsVsDotsTests-Info.plist"; sourceTree = "<group>"; };
		29C6987018DEFDB0001F1F1E /* en */ = {isa = PBXFileReference; lastKnownFileType = text.plist.strings; name = en; path = en.lproj/InfoPlist.strings; sourceTree = "<group>"; };
		29C6987218DEFDB0001F1F1E /* DotsVsDotsTests.m */ = {isa = PBXFileReference; lastKnownFileType = sourcecode.c.objc; path = DotsVsDotsTests.m; sourceTree = "<group>"; };
/* End PBXFileReference section */

/* Begin PBXFrameworksBuildPhase section */
		29C6983718DEFDB0001F1F1E /* Frameworks */ = {
			isa = PBXFrameworksBuildPhase;
			buildActionMask = 2147483647;
			files = (
				29C6984018DEFDB0001F1F1E /* CoreGraphics.framework in Frameworks */,
				29C6984218DEFDB0001F1F1E /* UIKit.framework in Frameworks */,
				29C6984418DEFDB0001F1F1E /* SpriteKit.framework in Frameworks */,
				29C6983E18DEFDB0001F1F1E /* Foundation.framework in Frameworks */,
			);
			runOnlyForDeploymentPostprocessing = 0;
		};
		29C6986218DEFDB0001F1F1E /* Frameworks */ = {
			isa = PBXFrameworksBuildPhase;
			buildActionMask = 2147483647;
			files = (
				29C6986718DEFDB0001F1F1E /* XCTest.framework in Frameworks */,
				29C6986918DEFDB0001F1F1E /* UIKit.framework in Frameworks */,
				29C6986818DEFDB0001F1F1E /* Foundation.framework in Frameworks */,
			);
			runOnlyForDeploymentPostprocessing = 0;
		};
/* End PBXFrameworksBuildPhase section */

/* Begin PBXGroup section */
		292827F218DF65680066B48B /* customs */ = {
			isa = PBXGroup;
			children = (
				292827F618DF65900066B48B /* DPoint+custom.h */,
				292827F718DF65900066B48B /* DPoint+custom.m */,
				292827F918DF65A00066B48B /* DDot+custom.h */,
				292827FA18DF65A00066B48B /* DDot+custom.m */,
				292827F318DF65830066B48B /* DGrid+custom.h */,
				292827F418DF65830066B48B /* DGrid+custom.m */,
			);
			name = customs;
			sourceTree = "<group>";
		};
		2982505A18DF5BCC00C3F034 /* Model */ = {
			isa = PBXGroup;
			children = (
				292827F218DF65680066B48B /* customs */,
				2928280B18DF80A90066B48B /* DPoint.h */,
				2928280C18DF80A90066B48B /* DPoint.m */,
				2928281418DF81DB0066B48B /* DGrid.h */,
				2928281518DF81DB0066B48B /* DGrid.m */,
				2928281118DF81DB0066B48B /* DDot.h */,
				2928281218DF81DB0066B48B /* DDot.m */,
				2982505B18DF5BE200C3F034 /* Model.xcdatamodeld */,
			);
			name = Model;
			sourceTree = "<group>";
		};
		29C6983118DEFDB0001F1F1E = {
			isa = PBXGroup;
			children = (
				29C6984518DEFDB0001F1F1E /* DotsVsDots */,
				29C6986C18DEFDB0001F1F1E /* DotsVsDotsTests */,
				29C6983C18DEFDB0001F1F1E /* Frameworks */,
				29C6983B18DEFDB0001F1F1E /* Products */,
			);
			sourceTree = "<group>";
		};
		29C6983B18DEFDB0001F1F1E /* Products */ = {
			isa = PBXGroup;
			children = (
				29C6983A18DEFDB0001F1F1E /* DotsVsDots.app */,
				29C6986518DEFDB0001F1F1E /* DotsVsDotsTests.xctest */,
			);
			name = Products;
			sourceTree = "<group>";
		};
		29C6983C18DEFDB0001F1F1E /* Frameworks */ = {
			isa = PBXGroup;
			children = (
				29C6983D18DEFDB0001F1F1E /* Foundation.framework */,
				29C6983F18DEFDB0001F1F1E /* CoreGraphics.framework */,
				29C6984118DEFDB0001F1F1E /* UIKit.framework */,
				29C6984318DEFDB0001F1F1E /* SpriteKit.framework */,
				29C6986618DEFDB0001F1F1E /* XCTest.framework */,
			);
			name = Frameworks;
			sourceTree = "<group>";
		};
		29C6984518DEFDB0001F1F1E /* DotsVsDots */ = {
			isa = PBXGroup;
			children = (
				2982505A18DF5BCC00C3F034 /* Model */,
				29C6984E18DEFDB0001F1F1E /* AppDelegate.h */,
				29C6984F18DEFDB0001F1F1E /* AppDelegate.m */,
				29C6985118DEFDB0001F1F1E /* Main_iPhone.storyboard */,
				29C6985418DEFDB0001F1F1E /* Main_iPad.storyboard */,
				29C6985718DEFDB0001F1F1E /* ViewController.h */,
				29C6985818DEFDB0001F1F1E /* ViewController.m */,
				29C6985A18DEFDB0001F1F1E /* MyScene.h */,
				29C6985B18DEFDB0001F1F1E /* MyScene.m */,
				29C6985D18DEFDB0001F1F1E /* Spaceship.png */,
				29C6985F18DEFDB0001F1F1E /* Images.xcassets */,
				29C6984618DEFDB0001F1F1E /* Supporting Files */,
			);
			path = DotsVsDots;
			sourceTree = "<group>";
		};
		29C6984618DEFDB0001F1F1E /* Supporting Files */ = {
			isa = PBXGroup;
			children = (
				29C6984718DEFDB0001F1F1E /* DotsVsDots-Info.plist */,
				29C6984818DEFDB0001F1F1E /* InfoPlist.strings */,
				29C6984B18DEFDB0001F1F1E /* main.m */,
				29C6984D18DEFDB0001F1F1E /* DotsVsDots-Prefix.pch */,
			);
			name = "Supporting Files";
			sourceTree = "<group>";
		};
		29C6986C18DEFDB0001F1F1E /* DotsVsDotsTests */ = {
			isa = PBXGroup;
			children = (
				29C6987218DEFDB0001F1F1E /* DotsVsDotsTests.m */,
				29C6986D18DEFDB0001F1F1E /* Supporting Files */,
			);
			path = DotsVsDotsTests;
			sourceTree = "<group>";
		};
		29C6986D18DEFDB0001F1F1E /* Supporting Files */ = {
			isa = PBXGroup;
			children = (
				29C6986E18DEFDB0001F1F1E /* DotsVsDotsTests-Info.plist */,
				29C6986F18DEFDB0001F1F1E /* InfoPlist.strings */,
			);
			name = "Supporting Files";
			sourceTree = "<group>";
		};
/* End PBXGroup section */

/* Begin PBXNativeTarget section */
		29C6983918DEFDB0001F1F1E /* DotsVsDots */ = {
			isa = PBXNativeTarget;
			buildConfigurationList = 29C6987618DEFDB0001F1F1E /* Build configuration list for PBXNativeTarget "DotsVsDots" */;
			buildPhases = (
				29C6983618DEFDB0001F1F1E /* Sources */,
				29C6983718DEFDB0001F1F1E /* Frameworks */,
				29C6983818DEFDB0001F1F1E /* Resources */,
			);
			buildRules = (
			);
			dependencies = (
			);
			name = DotsVsDots;
			productName = DotsVsDots;
			productReference = 29C6983A18DEFDB0001F1F1E /* DotsVsDots.app */;
			productType = "com.apple.product-type.application";
		};
		29C6986418DEFDB0001F1F1E /* DotsVsDotsTests */ = {
			isa = PBXNativeTarget;
			buildConfigurationList = 29C6987918DEFDB0001F1F1E /* Build configuration list for PBXNativeTarget "DotsVsDotsTests" */;
			buildPhases = (
				29C6986118DEFDB0001F1F1E /* Sources */,
				29C6986218DEFDB0001F1F1E /* Frameworks */,
				29C6986318DEFDB0001F1F1E /* Resources */,
			);
			buildRules = (
			);
			dependencies = (
				29C6986B18DEFDB0001F1F1E /* PBXTargetDependency */,
			);
			name = DotsVsDotsTests;
			productName = DotsVsDotsTests;
			productReference = 29C6986518DEFDB0001F1F1E /* DotsVsDotsTests.xctest */;
			productType = "com.apple.product-type.bundle.unit-test";
		};
/* End PBXNativeTarget section */

/* Begin PBXProject section */
		29C6983218DEFDB0001F1F1E /* Project object */ = {
			isa = PBXProject;
			attributes = {
				LastUpgradeCheck = 0510;
				ORGANIZATIONNAME = baka;
				TargetAttributes = {
					29C6986418DEFDB0001F1F1E = {
						TestTargetID = 29C6983918DEFDB0001F1F1E;
					};
				};
			};
			buildConfigurationList = 29C6983518DEFDB0001F1F1E /* Build configuration list for PBXProject "DotsVsDots" */;
			compatibilityVersion = "Xcode 3.2";
			developmentRegion = English;
			hasScannedForEncodings = 0;
			knownRegions = (
				en,
				Base,
			);
			mainGroup = 29C6983118DEFDB0001F1F1E;
			productRefGroup = 29C6983B18DEFDB0001F1F1E /* Products */;
			projectDirPath = "";
			projectRoot = "";
			targets = (
				29C6983918DEFDB0001F1F1E /* DotsVsDots */,
				29C6986418DEFDB0001F1F1E /* DotsVsDotsTests */,
			);
		};
/* End PBXProject section */

/* Begin PBXResourcesBuildPhase section */
		29C6983818DEFDB0001F1F1E /* Resources */ = {
			isa = PBXResourcesBuildPhase;
			buildActionMask = 2147483647;
			files = (
				29C6985E18DEFDB0001F1F1E /* Spaceship.png in Resources */,
				29C6986018DEFDB0001F1F1E /* Images.xcassets in Resources */,
				29C6985618DEFDB0001F1F1E /* Main_iPad.storyboard in Resources */,
				29C6985318DEFDB0001F1F1E /* Main_iPhone.storyboard in Resources */,
				29C6984A18DEFDB0001F1F1E /* InfoPlist.strings in Resources */,
			);
			runOnlyForDeploymentPostprocessing = 0;
		};
		29C6986318DEFDB0001F1F1E /* Resources */ = {
			isa = PBXResourcesBuildPhase;
			buildActionMask = 2147483647;
			files = (
				29C6987118DEFDB0001F1F1E /* InfoPlist.strings in Resources */,
			);
			runOnlyForDeploymentPostprocessing = 0;
		};
/* End PBXResourcesBuildPhase section */

/* Begin PBXSourcesBuildPhase section */
		29C6983618DEFDB0001F1F1E /* Sources */ = {
			isa = PBXSourcesBuildPhase;
			buildActionMask = 2147483647;
			files = (
				292827F518DF65830066B48B /* DGrid+custom.m in Sources */,
				29C6985C18DEFDB0001F1F1E /* MyScene.m in Sources */,
				29C6985918DEFDB0001F1F1E /* ViewController.m in Sources */,
				2982505D18DF5BE200C3F034 /* Model.xcdatamodeld in Sources */,
				2928281618DF81DB0066B48B /* DGrid.m in Sources */,
				292827FB18DF65A00066B48B /* DDot+custom.m in Sources */,
				2928280D18DF80A90066B48B /* DPoint.m in Sources */,
				29C6985018DEFDB0001F1F1E /* AppDelegate.m in Sources */,
				29C6984C18DEFDB0001F1F1E /* main.m in Sources */,
				2928281318DF81DB0066B48B /* DDot.m in Sources */,
				292827F818DF65900066B48B /* DPoint+custom.m in Sources */,
			);
			runOnlyForDeploymentPostprocessing = 0;
		};
		29C6986118DEFDB0001F1F1E /* Sources */ = {
			isa = PBXSourcesBuildPhase;
			buildActionMask = 2147483647;
			files = (
				29C6987318DEFDB0001F1F1E /* DotsVsDotsTests.m in Sources */,
			);
			runOnlyForDeploymentPostprocessing = 0;
		};
/* End PBXSourcesBuildPhase section */

/* Begin PBXTargetDependency section */
		29C6986B18DEFDB0001F1F1E /* PBXTargetDependency */ = {
			isa = PBXTargetDependency;
			target = 29C6983918DEFDB0001F1F1E /* DotsVsDots */;
			targetProxy = 29C6986A18DEFDB0001F1F1E /* PBXContainerItemProxy */;
		};
/* End PBXTargetDependency section */

/* Begin PBXVariantGroup section */
		29C6984818DEFDB0001F1F1E /* InfoPlist.strings */ = {
			isa = PBXVariantGroup;
			children = (
				29C6984918DEFDB0001F1F1E /* en */,
			);
			name = InfoPlist.strings;
			sourceTree = "<group>";
		};
		29C6985118DEFDB0001F1F1E /* Main_iPhone.storyboard */ = {
			isa = PBXVariantGroup;
			children = (
				29C6985218DEFDB0001F1F1E /* Base */,
			);
			name = Main_iPhone.storyboard;
			sourceTree = "<group>";
		};
		29C6985418DEFDB0001F1F1E /* Main_iPad.storyboard */ = {
			isa = PBXVariantGroup;
			children = (
				29C6985518DEFDB0001F1F1E /* Base */,
			);
			name = Main_iPad.storyboard;
			sourceTree = "<group>";
		};
		29C6986F18DEFDB0001F1F1E /* InfoPlist.strings */ = {
			isa = PBXVariantGroup;
			children = (
				29C6987018DEFDB0001F1F1E /* en */,
			);
			name = InfoPlist.strings;
			sourceTree = "<group>";
		};
/* End PBXVariantGroup section */

/* Begin XCBuildConfiguration section */
		29C6987418DEFDB0001F1F1E /* Debug */ = {
			isa = XCBuildConfiguration;
			buildSettings = {
				ALWAYS_SEARCH_USER_PATHS = NO;
				CLANG_CXX_LANGUAGE_STANDARD = "gnu++0x";
				CLANG_CXX_LIBRARY = "libc++";
				CLANG_ENABLE_MODULES = YES;
				CLANG_ENABLE_OBJC_ARC = YES;
				CLANG_WARN_BOOL_CONVERSION = YES;
				CLANG_WARN_CONSTANT_CONVERSION = YES;
				CLANG_WARN_DIRECT_OBJC_ISA_USAGE = YES_ERROR;
				CLANG_WARN_EMPTY_BODY = YES;
				CLANG_WARN_ENUM_CONVERSION = YES;
				CLANG_WARN_INT_CONVERSION = YES;
				CLANG_WARN_OBJC_ROOT_CLASS = YES_ERROR;
				CLANG_WARN__DUPLICATE_METHOD_MATCH = YES;
				"CODE_SIGN_IDENTITY[sdk=iphoneos*]" = "iPhone Developer";
				COPY_PHASE_STRIP = NO;
				GCC_C_LANGUAGE_STANDARD = gnu99;
				GCC_DYNAMIC_NO_PIC = NO;
				GCC_OPTIMIZATION_LEVEL = 0;
				GCC_PREPROCESSOR_DEFINITIONS = (
					"DEBUG=1",
					"$(inherited)",
				);
				GCC_SYMBOLS_PRIVATE_EXTERN = NO;
				GCC_WARN_64_TO_32_BIT_CONVERSION = YES;
				GCC_WARN_ABOUT_RETURN_TYPE = YES_ERROR;
				GCC_WARN_UNDECLARED_SELECTOR = YES;
				GCC_WARN_UNINITIALIZED_AUTOS = YES_AGGRESSIVE;
				GCC_WARN_UNUSED_FUNCTION = YES;
				GCC_WARN_UNUSED_VARIABLE = YES;
				IPHONEOS_DEPLOYMENT_TARGET = 7.1;
				ONLY_ACTIVE_ARCH = YES;
				SDKROOT = iphoneos;
				TARGETED_DEVICE_FAMILY = "1,2";
			};
			name = Debug;
		};
		29C6987518DEFDB0001F1F1E /* Release */ = {
			isa = XCBuildConfiguration;
			buildSettings = {
				ALWAYS_SEARCH_USER_PATHS = NO;
				CLANG_CXX_LANGUAGE_STANDARD = "gnu++0x";
				CLANG_CXX_LIBRARY = "libc++";
				CLANG_ENABLE_MODULES = YES;
				CLANG_ENABLE_OBJC_ARC = YES;
				CLANG_WARN_BOOL_CONVERSION = YES;
				CLANG_WARN_CONSTANT_CONVERSION = YES;
				CLANG_WARN_DIRECT_OBJC_ISA_USAGE = YES_ERROR;
				CLANG_WARN_EMPTY_BODY = YES;
				CLANG_WARN_ENUM_CONVERSION = YES;
				CLANG_WARN_INT_CONVERSION = YES;
				CLANG_WARN_OBJC_ROOT_CLASS = YES_ERROR;
				CLANG_WARN__DUPLICATE_METHOD_MATCH = YES;
				"CODE_SIGN_IDENTITY[sdk=iphoneos*]" = "iPhone Developer";
				COPY_PHASE_STRIP = YES;
				ENABLE_NS_ASSERTIONS = NO;
				GCC_C_LANGUAGE_STANDARD = gnu99;
				GCC_WARN_64_TO_32_BIT_CONVERSION = YES;
				GCC_WARN_ABOUT_RETURN_TYPE = YES_ERROR;
				GCC_WARN_UNDECLARED_SELECTOR = YES;
				GCC_WARN_UNINITIALIZED_AUTOS = YES_AGGRESSIVE;
				GCC_WARN_UNUSED_FUNCTION = YES;
				GCC_WARN_UNUSED_VARIABLE = YES;
				IPHONEOS_DEPLOYMENT_TARGET = 7.1;
				SDKROOT = iphoneos;
				TARGETED_DEVICE_FAMILY = "1,2";
				VALIDATE_PRODUCT = YES;
			};
			name = Release;
		};
		29C6987718DEFDB0001F1F1E /* Debug */ = {
			isa = XCBuildConfiguration;
			buildSettings = {
				ASSETCATALOG_COMPILER_APPICON_NAME = AppIcon;
				ASSETCATALOG_COMPILER_LAUNCHIMAGE_NAME = LaunchImage;
				GCC_PRECOMPILE_PREFIX_HEADER = YES;
				GCC_PREFIX_HEADER = "DotsVsDots/DotsVsDots-Prefix.pch";
				INFOPLIST_FILE = "DotsVsDots/DotsVsDots-Info.plist";
				PRODUCT_NAME = "$(TARGET_NAME)";
				SPRITEKIT_TEXTURE_ATLAS_OUTPUT = YES;
				WRAPPER_EXTENSION = app;
			};
			name = Debug;
		};
		29C6987818DEFDB0001F1F1E /* Release */ = {
			isa = XCBuildConfiguration;
			buildSettings = {
				ASSETCATALOG_COMPILER_APPICON_NAME = AppIcon;
				ASSETCATALOG_COMPILER_LAUNCHIMAGE_NAME = LaunchImage;
				GCC_PRECOMPILE_PREFIX_HEADER = YES;
				GCC_PREFIX_HEADER = "DotsVsDots/DotsVsDots-Prefix.pch";
				INFOPLIST_FILE = "DotsVsDots/DotsVsDots-Info.plist";
				PRODUCT_NAME = "$(TARGET_NAME)";
				SPRITEKIT_TEXTURE_ATLAS_OUTPUT = YES;
				WRAPPER_EXTENSION = app;
			};
			name = Release;
		};
		29C6987A18DEFDB0001F1F1E /* Debug */ = {
			isa = XCBuildConfiguration;
			buildSettings = {
				BUNDLE_LOADER = "$(BUILT_PRODUCTS_DIR)/DotsVsDots.app/DotsVsDots";
				FRAMEWORK_SEARCH_PATHS = (
					"$(SDKROOT)/Developer/Library/Frameworks",
					"$(inherited)",
					"$(DEVELOPER_FRAMEWORKS_DIR)",
				);
				GCC_PRECOMPILE_PREFIX_HEADER = YES;
				GCC_PREFIX_HEADER = "DotsVsDots/DotsVsDots-Prefix.pch";
				GCC_PREPROCESSOR_DEFINITIONS = (
					"DEBUG=1",
					"$(inherited)",
				);
				INFOPLIST_FILE = "DotsVsDotsTests/DotsVsDotsTests-Info.plist";
				PRODUCT_NAME = "$(TARGET_NAME)";
				TEST_HOST = "$(BUNDLE_LOADER)";
				WRAPPER_EXTENSION = xctest;
			};
			name = Debug;
		};
		29C6987B18DEFDB0001F1F1E /* Release */ = {
			isa = XCBuildConfiguration;
			buildSettings = {
				BUNDLE_LOADER = "$(BUILT_PRODUCTS_DIR)/DotsVsDots.app/DotsVsDots";
				FRAMEWORK_SEARCH_PATHS = (
					"$(SDKROOT)/Developer/Library/Frameworks",
					"$(inherited)",
					"$(DEVELOPER_FRAMEWORKS_DIR)",
				);
				GCC_PRECOMPILE_PREFIX_HEADER = YES;
				GCC_PREFIX_HEADER = "DotsVsDots/DotsVsDots-Prefix.pch";
				INFOPLIST_FILE = "DotsVsDotsTests/DotsVsDotsTests-Info.plist";
				PRODUCT_NAME = "$(TARGET_NAME)";
				TEST_HOST = "$(BUNDLE_LOADER)";
				WRAPPER_EXTENSION = xctest;
			};
			name = Release;
		};
/* End XCBuildConfiguration section */

/* Begin XCConfigurationList section */
		29C6983518DEFDB0001F1F1E /* Build configuration list for PBXProject "DotsVsDots" */ = {
			isa = XCConfigurationList;
			buildConfigurations = (
				29C6987418DEFDB0001F1F1E /* Debug */,
				29C6987518DEFDB0001F1F1E /* Release */,
			);
			defaultConfigurationIsVisible = 0;
			defaultConfigurationName = Release;
		};
		29C6987618DEFDB0001F1F1E /* Build configuration list for PBXNativeTarget "DotsVsDots" */ = {
			isa = XCConfigurationList;
			buildConfigurations = (
				29C6987718DEFDB0001F1F1E /* Debug */,
				29C6987818DEFDB0001F1F1E /* Release */,
			);
			defaultConfigurationIsVisible = 0;
			defaultConfigurationName = Release;
		};
		29C6987918DEFDB0001F1F1E /* Build configuration list for PBXNativeTarget "DotsVsDotsTests" */ = {
			isa = XCConfigurationList;
			buildConfigurations = (
				29C6987A18DEFDB0001F1F1E /* Debug */,
				29C6987B18DEFDB0001F1F1E /* Release */,
			);
			defaultConfigurationIsVisible = 0;
			defaultConfigurationName = Release;
		};
/* End XCConfigurationList section */

/* Begin XCVersionGroup section */
		2982505B18DF5BE200C3F034 /* Model.xcdatamodeld */ = {
			isa = XCVersionGroup;
			children = (
				2982505C18DF5BE200C3F034 /* Model.xcdatamodel */,
			);
			currentVersion = 2982505C18DF5BE200C3F034 /* Model.xcdatamodel */;
			path = Model.xcdatamodeld;
			sourceTree = "<group>";
			versionGroupType = wrapper.xcdatamodel;
		};
/* End XCVersionGroup section */
	};
	rootObject = 29C6983218DEFDB0001F1F1E /* Project object */;
}
